
Microsoft Visual Studio Solution File, Format Version 12.00
# Visual Studio 15
VisualStudioVersion = 15.0.26730.15
MinimumVisualStudioVersion = 10.0.40219.1
Project("{2150E333-8FDC-42A3-9474-1A3956D46DE8}") = "01 Framework 基础设施层", "01 Framework 基础设施层", "{473D1AB0-2590-4D50-961F-E92115EE8507}"
EndProject
Project("{2150E333-8FDC-42A3-9474-1A3956D46DE8}") = "02 Model 实体层", "02 Model 实体层", "{B9EAD4B9-DBC9-4EDC-AD83-00BF6A923913}"
EndProject
Project("{2150E333-8FDC-42A3-9474-1A3956D46DE8}") = "03 DataAccess 数据核心层", "03 DataAccess 数据核心层", "{0E52647A-373F-4BBD-819B-44736547665B}"
EndProject
Project("{2150E333-8FDC-42A3-9474-1A3956D46DE8}") = "04 Business 业务逻辑层", "04 Business 业务逻辑层", "{432D0333-AD83-4C58-86FA-CFEAB21A2720}"
EndProject
Project("{2150E333-8FDC-42A3-9474-1A3956D46DE8}") = "05 UI 界面应用层", "05 UI 界面应用层", "{233E405C-FDAA-4276-B163-FD4F2FA2003F}"
EndProject
Project("{2150E333-8FDC-42A3-9474-1A3956D46DE8}") = "06 SOA 对外提供API服务", "06 SOA 对外提供API服务", "{DC009827-CA78-467C-AE01-5B3E9199DBDA}"
EndProject
Project("{2150E333-8FDC-42A3-9474-1A3956D46DE8}") = "07 测试用例", "07 测试用例", "{B1FB57BC-9E53-4226-8CFD-9F860805AE21}"
EndProject
Project("{2150E333-8FDC-42A3-9474-1A3956D46DE8}") = "01 Cache 系统缓存", "01 Cache 系统缓存", "{3C0AD3EA-80AA-45D3-81E3-172E1BF4BFBB}"
EndProject
Project("{2150E333-8FDC-42A3-9474-1A3956D46DE8}") = "02 Utils 系统工具", "02 Utils 系统工具", "{E5A2C8A4-B1B3-467C-92B2-792BF367DF5D}"
EndProject
Project("{2150E333-8FDC-42A3-9474-1A3956D46DE8}") = "03 Global 全局编码", "03 Global 全局编码", "{055BFD67-0E88-47C2-B3C3-BAF1944EA215}"
EndProject
Project("{2150E333-8FDC-42A3-9474-1A3956D46DE8}") = "01 Cache 应用缓存", "01 Cache 应用缓存", "{3AD86090-AD34-4D1E-A9A3-AB5F959E831C}"
EndProject
Project("{FAE04EC0-301F-11D3-BF4B-00C04F79EFBC}") = "Berry.Cache", "Berry.Framework\Berry.Cache\Berry.Cache.csproj", "{35A1F58B-C99D-46BF-981F-34AF5337F9D1}"
EndProject
Project("{FAE04EC0-301F-11D3-BF4B-00C04F79EFBC}") = "Berry.Extension", "Berry.Framework\Berry.Extension\Berry.Extension.csproj", "{7A95FD4D-8C13-401B-A1D5-CBC4E391B4DC}"
EndProject
Project("{FAE04EC0-301F-11D3-BF4B-00C04F79EFBC}") = "Berry.IOC", "Berry.Framework\Berry.IOC\Berry.IOC.csproj", "{C2756F3C-24A2-4D13-8910-1D59B4CF6382}"
EndProject
Project("{FAE04EC0-301F-11D3-BF4B-00C04F79EFBC}") = "Berry.Log", "Berry.Framework\Berry.Log\Berry.Log.csproj", "{C84E6C4A-81F9-4DA6-AAAF-CED2EFAC706E}"
EndProject
Project("{FAE04EC0-301F-11D3-BF4B-00C04F79EFBC}") = "Berry.Util", "Berry.Framework\Berry.Util\Berry.Util.csproj", "{8F155456-2D24-4FEC-BBB4-2A232F3F4AAE}"
EndProject
Project("{FAE04EC0-301F-11D3-BF4B-00C04F79EFBC}") = "Berry.WebControl", "Berry.Framework\Berry.WebControl\Berry.WebControl.csproj", "{F4BF639A-066A-4F20-A6B9-A7D2FBEF3A34}"
EndProject
Project("{FAE04EC0-301F-11D3-BF4B-00C04F79EFBC}") = "Berry.Code", "Berry.Framework\Berry.Code\Berry.Code.csproj", "{3EFA4E6A-73E4-40C6-ADE4-9100A98860C1}"
EndProject
Project("{FAE04EC0-301F-11D3-BF4B-00C04F79EFBC}") = "Berry.Entity", "Berry.Modes\Berry.Entity\Berry.Entity.csproj", "{9C58B7E0-83D3-4FCB-9CA8-21BA624D8AE3}"
EndProject
Project("{FAE04EC0-301F-11D3-BF4B-00C04F79EFBC}") = "Berry.Data", "Berry.DataAccess\Berry.Data\Berry.Data.csproj", "{B01D7040-AA2F-4642-8454-F13A3B92923A}"
EndProject
Project("{FAE04EC0-301F-11D3-BF4B-00C04F79EFBC}") = "Berry.IBLL", "Berry.Business\Berry.IBLL\Berry.IBLL.csproj", "{1CFD9EF6-C60D-40CF-8C38-9A4241E1B4BB}"
EndProject
Project("{FAE04EC0-301F-11D3-BF4B-00C04F79EFBC}") = "Berry.BLL", "Berry.Business\Berry.BLL\Berry.BLL.csproj", "{6697B3A9-4865-42FE-8ECD-BEAB49A72B1F}"
EndProject
Project("{FAE04EC0-301F-11D3-BF4B-00C04F79EFBC}") = "Berry.IService", "Berry.Business\Berry.IService\Berry.IService.csproj", "{18C7B176-9804-40B2-959F-4CEC2BAE8109}"
EndProject
Project("{FAE04EC0-301F-11D3-BF4B-00C04F79EFBC}") = "Berry.Service", "Berry.Business\Berry.Service\Berry.Service.csproj", "{D7EC82EE-1272-426A-8B33-2DDEA6B1E73F}"
EndProject
Project("{FAE04EC0-301F-11D3-BF4B-00C04F79EFBC}") = "Berry.UnitTest", "Berry.Test\Berry.UnitTest\Berry.UnitTest.csproj", "{52715687-5F7C-4F1F-BEB6-DFA8B67C671E}"
EndProject
Project("{FAE04EC0-301F-11D3-BF4B-00C04F79EFBC}") = "Berry.App.Cache", "Berry.Business\Berry.App.Cache\Berry.App.Cache.csproj", "{95959003-EEAA-4FB2-A4B6-F4AF890A2BDD}"
EndProject
Project("{FAE04EC0-301F-11D3-BF4B-00C04F79EFBC}") = "Berry.Data.Repository", "Berry.DataAccess\Berry.Repository\Berry.Data.Repository.csproj", "{6B3BD4C0-F4A8-442C-9E75-FD35BFF200BD}"
EndProject
Project("{FAE04EC0-301F-11D3-BF4B-00C04F79EFBC}") = "Berry.Data.Dapper", "Berry.DataAccess\Berry.Data.Dapper\Berry.Data.Dapper.csproj", "{1C53B6FC-4DD3-4176-8045-980632C2BEFF}"
EndProject
Project("{2150E333-8FDC-42A3-9474-1A3956D46DE8}") = "00 系统资源文件", "00 系统资源文件", "{2DB2EA6D-4E8E-4F87-9610-0529FD964D0A}"
	ProjectSection(SolutionItems) = preProject
		Berry.sql = Berry.sql
		系统资源文件\ioc.config = 系统资源文件\ioc.config
		系统资源文件\redis.xml = 系统资源文件\redis.xml
		系统资源文件\system.config = 系统资源文件\system.config
		其他.txt = 其他.txt
	EndProjectSection
EndProject
Project("{FAE04EC0-301F-11D3-BF4B-00C04F79EFBC}") = "Berry.Data.EF", "Berry.DataAccess\Berry.Data.EF\Berry.Data.EF.csproj", "{25467F63-A13D-44B1-B9C4-27F73AB6357F}"
EndProject
Project("{FAE04EC0-301F-11D3-BF4B-00C04F79EFBC}") = "Berry.Entity.Mapping", "Berry.Modes\Berry.Entity.Mapping\Berry.Entity.Mapping.csproj", "{215919E3-67EB-4D16-BDFD-A203A7B7A8F8}"
EndProject
Project("{FAE04EC0-301F-11D3-BF4B-00C04F79EFBC}") = "Berry.Data.DbContext", "Berry.DataAccess\Berry.Data.DbContext\Berry.Data.DbContext.csproj", "{47F086BF-0420-4182-96F3-87B6D63ED08E}"
EndProject
Project("{FAE04EC0-301F-11D3-BF4B-00C04F79EFBC}") = "Berry.Data.ADO", "Berry.DataAccess\Berry.Data.ADO\Berry.Data.ADO.csproj", "{21DD130D-46F2-42D8-9E66-B3B016C9BB37}"
EndProject
Project("{2150E333-8FDC-42A3-9474-1A3956D46DE8}") = "04 Builder 后台代码生成器", "04 Builder 后台代码生成器", "{628542B5-ACE5-4C35-8384-3EA2349C5B5B}"
EndProject
Project("{FAE04EC0-301F-11D3-BF4B-00C04F79EFBC}") = "Berry.DeepCopier", "Berry.Framework\Berry.DeepCopier\Berry.DeepCopier.csproj", "{E39B5CB8-C074-41CF-A610-B029B59459C9}"
EndProject
Project("{FAE04EC0-301F-11D3-BF4B-00C04F79EFBC}") = "Berry.App.Admin", "Berry.UI\Berry.App.Admin\Berry.App.Admin.csproj", "{446F095C-0079-4E93-9643-955B42B683CA}"
EndProject
Project("{FAE04EC0-301F-11D3-BF4B-00C04F79EFBC}") = "Berry.CodeGenerator", "Berry.Framework\Berry.CodeGenerator\Berry.CodeGenerator.csproj", "{EE0F1360-7ED4-4ED3-AFD6-66A62957B9A5}"
EndProject
Global
	GlobalSection(SolutionConfigurationPlatforms) = preSolution
		Debug|Any CPU = Debug|Any CPU
		Release|Any CPU = Release|Any CPU
	EndGlobalSection
	GlobalSection(ProjectConfigurationPlatforms) = postSolution
		{35A1F58B-C99D-46BF-981F-34AF5337F9D1}.Debug|Any CPU.ActiveCfg = Debug|Any CPU
		{35A1F58B-C99D-46BF-981F-34AF5337F9D1}.Debug|Any CPU.Build.0 = Debug|Any CPU
		{35A1F58B-C99D-46BF-981F-34AF5337F9D1}.Release|Any CPU.ActiveCfg = Release|Any CPU
		{35A1F58B-C99D-46BF-981F-34AF5337F9D1}.Release|Any CPU.Build.0 = Release|Any CPU
		{7A95FD4D-8C13-401B-A1D5-CBC4E391B4DC}.Debug|Any CPU.ActiveCfg = Debug|Any CPU
		{7A95FD4D-8C13-401B-A1D5-CBC4E391B4DC}.Debug|Any CPU.Build.0 = Debug|Any CPU
		{7A95FD4D-8C13-401B-A1D5-CBC4E391B4DC}.Release|Any CPU.ActiveCfg = Release|Any CPU
		{7A95FD4D-8C13-401B-A1D5-CBC4E391B4DC}.Release|Any CPU.Build.0 = Release|Any CPU
		{C2756F3C-24A2-4D13-8910-1D59B4CF6382}.Debug|Any CPU.ActiveCfg = Debug|Any CPU
		{C2756F3C-24A2-4D13-8910-1D59B4CF6382}.Debug|Any CPU.Build.0 = Debug|Any CPU
		{C2756F3C-24A2-4D13-8910-1D59B4CF6382}.Release|Any CPU.ActiveCfg = Release|Any CPU
		{C2756F3C-24A2-4D13-8910-1D59B4CF6382}.Release|Any CPU.Build.0 = Release|Any CPU
		{C84E6C4A-81F9-4DA6-AAAF-CED2EFAC706E}.Debug|Any CPU.ActiveCfg = Debug|Any CPU
		{C84E6C4A-81F9-4DA6-AAAF-CED2EFAC706E}.Debug|Any CPU.Build.0 = Debug|Any CPU
		{C84E6C4A-81F9-4DA6-AAAF-CED2EFAC706E}.Release|Any CPU.ActiveCfg = Release|Any CPU
		{C84E6C4A-81F9-4DA6-AAAF-CED2EFAC706E}.Release|Any CPU.Build.0 = Release|Any CPU
		{8F155456-2D24-4FEC-BBB4-2A232F3F4AAE}.Debug|Any CPU.ActiveCfg = Debug|Any CPU
		{8F155456-2D24-4FEC-BBB4-2A232F3F4AAE}.Debug|Any CPU.Build.0 = Debug|Any CPU
		{8F155456-2D24-4FEC-BBB4-2A232F3F4AAE}.Release|Any CPU.ActiveCfg = Release|Any CPU
		{8F155456-2D24-4FEC-BBB4-2A232F3F4AAE}.Release|Any CPU.Build.0 = Release|Any CPU
		{F4BF639A-066A-4F20-A6B9-A7D2FBEF3A34}.Debug|Any CPU.ActiveCfg = Debug|Any CPU
		{F4BF639A-066A-4F20-A6B9-A7D2FBEF3A34}.Debug|Any CPU.Build.0 = Debug|Any CPU
		{F4BF639A-066A-4F20-A6B9-A7D2FBEF3A34}.Release|Any CPU.ActiveCfg = Release|Any CPU
		{F4BF639A-066A-4F20-A6B9-A7D2FBEF3A34}.Release|Any CPU.Build.0 = Release|Any CPU
		{3EFA4E6A-73E4-40C6-ADE4-9100A98860C1}.Debug|Any CPU.ActiveCfg = Debug|Any CPU
		{3EFA4E6A-73E4-40C6-ADE4-9100A98860C1}.Debug|Any CPU.Build.0 = Debug|Any CPU
		{3EFA4E6A-73E4-40C6-ADE4-9100A98860C1}.Release|Any CPU.ActiveCfg = Release|Any CPU
		{3EFA4E6A-73E4-40C6-ADE4-9100A98860C1}.Release|Any CPU.Build.0 = Release|Any CPU
		{9C58B7E0-83D3-4FCB-9CA8-21BA624D8AE3}.Debug|Any CPU.ActiveCfg = Debug|Any CPU
		{9C58B7E0-83D3-4FCB-9CA8-21BA624D8AE3}.Debug|Any CPU.Build.0 = Debug|Any CPU
		{9C58B7E0-83D3-4FCB-9CA8-21BA624D8AE3}.Release|Any CPU.ActiveCfg = Release|Any CPU
		{9C58B7E0-83D3-4FCB-9CA8-21BA624D8AE3}.Release|Any CPU.Build.0 = Release|Any CPU
		{B01D7040-AA2F-4642-8454-F13A3B92923A}.Debug|Any CPU.ActiveCfg = Debug|Any CPU
		{B01D7040-AA2F-4642-8454-F13A3B92923A}.Debug|Any CPU.Build.0 = Debug|Any CPU
		{B01D7040-AA2F-4642-8454-F13A3B92923A}.Release|Any CPU.ActiveCfg = Release|Any CPU
		{B01D7040-AA2F-4642-8454-F13A3B92923A}.Release|Any CPU.Build.0 = Release|Any CPU
		{1CFD9EF6-C60D-40CF-8C38-9A4241E1B4BB}.Debug|Any CPU.ActiveCfg = Debug|Any CPU
		{1CFD9EF6-C60D-40CF-8C38-9A4241E1B4BB}.Debug|Any CPU.Build.0 = Debug|Any CPU
		{1CFD9EF6-C60D-40CF-8C38-9A4241E1B4BB}.Release|Any CPU.ActiveCfg = Release|Any CPU
		{1CFD9EF6-C60D-40CF-8C38-9A4241E1B4BB}.Release|Any CPU.Build.0 = Release|Any CPU
		{6697B3A9-4865-42FE-8ECD-BEAB49A72B1F}.Debug|Any CPU.ActiveCfg = Debug|Any CPU
		{6697B3A9-4865-42FE-8ECD-BEAB49A72B1F}.Debug|Any CPU.Build.0 = Debug|Any CPU
		{6697B3A9-4865-42FE-8ECD-BEAB49A72B1F}.Release|Any CPU.ActiveCfg = Release|Any CPU
		{6697B3A9-4865-42FE-8ECD-BEAB49A72B1F}.Release|Any CPU.Build.0 = Release|Any CPU
		{18C7B176-9804-40B2-959F-4CEC2BAE8109}.Debug|Any CPU.ActiveCfg = Debug|Any CPU
		{18C7B176-9804-40B2-959F-4CEC2BAE8109}.Debug|Any CPU.Build.0 = Debug|Any CPU
		{18C7B176-9804-40B2-959F-4CEC2BAE8109}.Release|Any CPU.ActiveCfg = Release|Any CPU
		{18C7B176-9804-40B2-959F-4CEC2BAE8109}.Release|Any CPU.Build.0 = Release|Any CPU
		{D7EC82EE-1272-426A-8B33-2DDEA6B1E73F}.Debug|Any CPU.ActiveCfg = Debug|Any CPU
		{D7EC82EE-1272-426A-8B33-2DDEA6B1E73F}.Debug|Any CPU.Build.0 = Debug|Any CPU
		{D7EC82EE-1272-426A-8B33-2DDEA6B1E73F}.Release|Any CPU.ActiveCfg = Release|Any CPU
		{D7EC82EE-1272-426A-8B33-2DDEA6B1E73F}.Release|Any CPU.Build.0 = Release|Any CPU
		{52715687-5F7C-4F1F-BEB6-DFA8B67C671E}.Debug|Any CPU.ActiveCfg = Debug|Any CPU
		{52715687-5F7C-4F1F-BEB6-DFA8B67C671E}.Debug|Any CPU.Build.0 = Debug|Any CPU
		{52715687-5F7C-4F1F-BEB6-DFA8B67C671E}.Release|Any CPU.ActiveCfg = Release|Any CPU
		{52715687-5F7C-4F1F-BEB6-DFA8B67C671E}.Release|Any CPU.Build.0 = Release|Any CPU
		{95959003-EEAA-4FB2-A4B6-F4AF890A2BDD}.Debug|Any CPU.ActiveCfg = Debug|Any CPU
		{95959003-EEAA-4FB2-A4B6-F4AF890A2BDD}.Debug|Any CPU.Build.0 = Debug|Any CPU
		{95959003-EEAA-4FB2-A4B6-F4AF890A2BDD}.Release|Any CPU.ActiveCfg = Release|Any CPU
		{95959003-EEAA-4FB2-A4B6-F4AF890A2BDD}.Release|Any CPU.Build.0 = Release|Any CPU
		{6B3BD4C0-F4A8-442C-9E75-FD35BFF200BD}.Debug|Any CPU.ActiveCfg = Debug|Any CPU
		{6B3BD4C0-F4A8-442C-9E75-FD35BFF200BD}.Debug|Any CPU.Build.0 = Debug|Any CPU
		{6B3BD4C0-F4A8-442C-9E75-FD35BFF200BD}.Release|Any CPU.ActiveCfg = Release|Any CPU
		{6B3BD4C0-F4A8-442C-9E75-FD35BFF200BD}.Release|Any CPU.Build.0 = Release|Any CPU
		{1C53B6FC-4DD3-4176-8045-980632C2BEFF}.Debug|Any CPU.ActiveCfg = Debug|Any CPU
		{1C53B6FC-4DD3-4176-8045-980632C2BEFF}.Debug|Any CPU.Build.0 = Debug|Any CPU
		{1C53B6FC-4DD3-4176-8045-980632C2BEFF}.Release|Any CPU.ActiveCfg = Release|Any CPU
		{1C53B6FC-4DD3-4176-8045-980632C2BEFF}.Release|Any CPU.Build.0 = Release|Any CPU
		{25467F63-A13D-44B1-B9C4-27F73AB6357F}.Debug|Any CPU.ActiveCfg = Debug|Any CPU
		{25467F63-A13D-44B1-B9C4-27F73AB6357F}.Debug|Any CPU.Build.0 = Debug|Any CPU
		{25467F63-A13D-44B1-B9C4-27F73AB6357F}.Release|Any CPU.ActiveCfg = Release|Any CPU
		{25467F63-A13D-44B1-B9C4-27F73AB6357F}.Release|Any CPU.Build.0 = Release|Any CPU
		{215919E3-67EB-4D16-BDFD-A203A7B7A8F8}.Debug|Any CPU.ActiveCfg = Debug|Any CPU
		{215919E3-67EB-4D16-BDFD-A203A7B7A8F8}.Debug|Any CPU.Build.0 = Debug|Any CPU
		{215919E3-67EB-4D16-BDFD-A203A7B7A8F8}.Release|Any CPU.ActiveCfg = Release|Any CPU
		{215919E3-67EB-4D16-BDFD-A203A7B7A8F8}.Release|Any CPU.Build.0 = Release|Any CPU
		{47F086BF-0420-4182-96F3-87B6D63ED08E}.Debug|Any CPU.ActiveCfg = Debug|Any CPU
		{47F086BF-0420-4182-96F3-87B6D63ED08E}.Debug|Any CPU.Build.0 = Debug|Any CPU
		{47F086BF-0420-4182-96F3-87B6D63ED08E}.Release|Any CPU.ActiveCfg = Release|Any CPU
		{47F086BF-0420-4182-96F3-87B6D63ED08E}.Release|Any CPU.Build.0 = Release|Any CPU
		{21DD130D-46F2-42D8-9E66-B3B016C9BB37}.Debug|Any CPU.ActiveCfg = Debug|Any CPU
		{21DD130D-46F2-42D8-9E66-B3B016C9BB37}.Debug|Any CPU.Build.0 = Debug|Any CPU
		{21DD130D-46F2-42D8-9E66-B3B016C9BB37}.Release|Any CPU.ActiveCfg = Release|Any CPU
		{21DD130D-46F2-42D8-9E66-B3B016C9BB37}.Release|Any CPU.Build.0 = Release|Any CPU
		{E39B5CB8-C074-41CF-A610-B029B59459C9}.Debug|Any CPU.ActiveCfg = Debug|Any CPU
		{E39B5CB8-C074-41CF-A610-B029B59459C9}.Debug|Any CPU.Build.0 = Debug|Any CPU
		{E39B5CB8-C074-41CF-A610-B029B59459C9}.Release|Any CPU.ActiveCfg = Release|Any CPU
		{E39B5CB8-C074-41CF-A610-B029B59459C9}.Release|Any CPU.Build.0 = Release|Any CPU
		{446F095C-0079-4E93-9643-955B42B683CA}.Debug|Any CPU.ActiveCfg = Debug|Any CPU
		{446F095C-0079-4E93-9643-955B42B683CA}.Debug|Any CPU.Build.0 = Debug|Any CPU
		{446F095C-0079-4E93-9643-955B42B683CA}.Release|Any CPU.ActiveCfg = Release|Any CPU
		{446F095C-0079-4E93-9643-955B42B683CA}.Release|Any CPU.Build.0 = Release|Any CPU
		{EE0F1360-7ED4-4ED3-AFD6-66A62957B9A5}.Debug|Any CPU.ActiveCfg = Debug|Any CPU
		{EE0F1360-7ED4-4ED3-AFD6-66A62957B9A5}.Debug|Any CPU.Build.0 = Debug|Any CPU
		{EE0F1360-7ED4-4ED3-AFD6-66A62957B9A5}.Release|Any CPU.ActiveCfg = Release|Any CPU
		{EE0F1360-7ED4-4ED3-AFD6-66A62957B9A5}.Release|Any CPU.Build.0 = Release|Any CPU
	EndGlobalSection
	GlobalSection(SolutionProperties) = preSolution
		HideSolutionNode = FALSE
	EndGlobalSection
	GlobalSection(NestedProjects) = preSolution
		{3C0AD3EA-80AA-45D3-81E3-172E1BF4BFBB} = {473D1AB0-2590-4D50-961F-E92115EE8507}
		{E5A2C8A4-B1B3-467C-92B2-792BF367DF5D} = {473D1AB0-2590-4D50-961F-E92115EE8507}
		{055BFD67-0E88-47C2-B3C3-BAF1944EA215} = {473D1AB0-2590-4D50-961F-E92115EE8507}
		{3AD86090-AD34-4D1E-A9A3-AB5F959E831C} = {432D0333-AD83-4C58-86FA-CFEAB21A2720}
		{35A1F58B-C99D-46BF-981F-34AF5337F9D1} = {3C0AD3EA-80AA-45D3-81E3-172E1BF4BFBB}
		{7A95FD4D-8C13-401B-A1D5-CBC4E391B4DC} = {E5A2C8A4-B1B3-467C-92B2-792BF367DF5D}
		{C2756F3C-24A2-4D13-8910-1D59B4CF6382} = {E5A2C8A4-B1B3-467C-92B2-792BF367DF5D}
		{C84E6C4A-81F9-4DA6-AAAF-CED2EFAC706E} = {E5A2C8A4-B1B3-467C-92B2-792BF367DF5D}
		{8F155456-2D24-4FEC-BBB4-2A232F3F4AAE} = {E5A2C8A4-B1B3-467C-92B2-792BF367DF5D}
		{F4BF639A-066A-4F20-A6B9-A7D2FBEF3A34} = {E5A2C8A4-B1B3-467C-92B2-792BF367DF5D}
		{3EFA4E6A-73E4-40C6-ADE4-9100A98860C1} = {055BFD67-0E88-47C2-B3C3-BAF1944EA215}
		{9C58B7E0-83D3-4FCB-9CA8-21BA624D8AE3} = {B9EAD4B9-DBC9-4EDC-AD83-00BF6A923913}
		{B01D7040-AA2F-4642-8454-F13A3B92923A} = {0E52647A-373F-4BBD-819B-44736547665B}
		{1CFD9EF6-C60D-40CF-8C38-9A4241E1B4BB} = {432D0333-AD83-4C58-86FA-CFEAB21A2720}
		{6697B3A9-4865-42FE-8ECD-BEAB49A72B1F} = {432D0333-AD83-4C58-86FA-CFEAB21A2720}
		{18C7B176-9804-40B2-959F-4CEC2BAE8109} = {432D0333-AD83-4C58-86FA-CFEAB21A2720}
		{D7EC82EE-1272-426A-8B33-2DDEA6B1E73F} = {432D0333-AD83-4C58-86FA-CFEAB21A2720}
		{52715687-5F7C-4F1F-BEB6-DFA8B67C671E} = {B1FB57BC-9E53-4226-8CFD-9F860805AE21}
		{95959003-EEAA-4FB2-A4B6-F4AF890A2BDD} = {3AD86090-AD34-4D1E-A9A3-AB5F959E831C}
		{6B3BD4C0-F4A8-442C-9E75-FD35BFF200BD} = {0E52647A-373F-4BBD-819B-44736547665B}
		{1C53B6FC-4DD3-4176-8045-980632C2BEFF} = {0E52647A-373F-4BBD-819B-44736547665B}
		{25467F63-A13D-44B1-B9C4-27F73AB6357F} = {0E52647A-373F-4BBD-819B-44736547665B}
		{215919E3-67EB-4D16-BDFD-A203A7B7A8F8} = {B9EAD4B9-DBC9-4EDC-AD83-00BF6A923913}
		{47F086BF-0420-4182-96F3-87B6D63ED08E} = {0E52647A-373F-4BBD-819B-44736547665B}
		{21DD130D-46F2-42D8-9E66-B3B016C9BB37} = {0E52647A-373F-4BBD-819B-44736547665B}
		{628542B5-ACE5-4C35-8384-3EA2349C5B5B} = {473D1AB0-2590-4D50-961F-E92115EE8507}
		{E39B5CB8-C074-41CF-A610-B029B59459C9} = {E5A2C8A4-B1B3-467C-92B2-792BF367DF5D}
		{446F095C-0079-4E93-9643-955B42B683CA} = {233E405C-FDAA-4276-B163-FD4F2FA2003F}
		{EE0F1360-7ED4-4ED3-AFD6-66A62957B9A5} = {628542B5-ACE5-4C35-8384-3EA2349C5B5B}
	EndGlobalSection
	GlobalSection(ExtensibilityGlobals) = postSolution
		SolutionGuid = {402D764C-5259-4C6D-BDA4-DDBAA375944E}
	EndGlobalSection
EndGlobal
